// !$*UTF8*$!
{
	archiveVersion = 1;
	classes = {
	};
	objectVersion = 77;
	objects = {

/* Begin PBXBuildFile section */
		567F1C662E2A680B00A32C0A /* SnapKit in Frameworks */ = {isa = PBXBuildFile; productRef = 567F1C652E2A680B00A32C0A /* SnapKit */; };
		568E98852E28F0FF007144F7 /* FTApi in Frameworks */ = {isa = PBXBuildFile; productRef = 568E98842E28F0FF007144F7 /* FTApi */; };
		568E988A2E28F226007144F7 /* FTApi in Frameworks */ = {isa = PBXBuildFile; productRef = 568E98892E28F226007144F7 /* FTApi */; };
		568E988D2E28F23A007144F7 /* FTApi in Frameworks */ = {isa = PBXBuildFile; productRef = 568E988C2E28F23A007144F7 /* FTApi */; };
		56D856D02E2E80E7007AB0F3 /* OutlineTextField in Frameworks */ = {isa = PBXBuildFile; productRef = 56D856CF2E2E80E7007AB0F3 /* OutlineTextField */; };
/* End PBXBuildFile section */

/* Begin PBXContainerItemProxy section */
		568E98632E28E9C9007144F7 /* PBXContainerItemProxy */ = {
			isa = PBXContainerItemProxy;
			containerPortal = 568E98442E28E9C7007144F7 /* Project object */;
			proxyType = 1;
			remoteGlobalIDString = 568E984B2E28E9C8007144F7;
			remoteInfo = FitnessTogether;
		};
		568E986D2E28E9C9007144F7 /* PBXContainerItemProxy */ = {
			isa = PBXContainerItemProxy;
			containerPortal = 568E98442E28E9C7007144F7 /* Project object */;
			proxyType = 1;
			remoteGlobalIDString = 568E984B2E28E9C8007144F7;
			remoteInfo = FitnessTogether;
		};
/* End PBXContainerItemProxy section */

/* Begin PBXFileReference section */
		563A4A3C2E2FEFF100C2686A /* UnitTestPlan.xctestplan */ = {isa = PBXFileReference; lastKnownFileType = text; path = UnitTestPlan.xctestplan; sourceTree = "<group>"; };
		568E984C2E28E9C8007144F7 /* FitnessTogether.app */ = {isa = PBXFileReference; explicitFileType = wrapper.application; includeInIndex = 0; path = FitnessTogether.app; sourceTree = BUILT_PRODUCTS_DIR; };
		568E98622E28E9C9007144F7 /* FitnessTogetherTests.xctest */ = {isa = PBXFileReference; explicitFileType = wrapper.cfbundle; includeInIndex = 0; path = FitnessTogetherTests.xctest; sourceTree = BUILT_PRODUCTS_DIR; };
		568E986C2E28E9C9007144F7 /* FitnessTogetherUITests.xctest */ = {isa = PBXFileReference; explicitFileType = wrapper.cfbundle; includeInIndex = 0; path = FitnessTogetherUITests.xctest; sourceTree = BUILT_PRODUCTS_DIR; };
/* End PBXFileReference section */

/* Begin PBXFileSystemSynchronizedBuildFileExceptionSet section */
		568E98742E28E9C9007144F7 /* Exceptions for "FitnessTogether" folder in "FitnessTogether" target */ = {
			isa = PBXFileSystemSynchronizedBuildFileExceptionSet;
			membershipExceptions = (
				Info.plist,
			);
			target = 568E984B2E28E9C8007144F7 /* FitnessTogether */;
		};
		56AB17822E2BF9980029FC76 /* Exceptions for "FitnessTogetherTests" folder in "FitnessTogether" target */ = {
			isa = PBXFileSystemSynchronizedBuildFileExceptionSet;
			membershipExceptions = (
				Coordinator/AuthCoordinatorTests.swift,
				Registration/RegistrationModelTests.swift,
				Registration/RegistrationStates/MockRegistrationDelegate.swift,
				Registration/RegistrationStates/MockValidator.swift,
				Registration/RegistrationStates/RegistrationCoachInfoStateTests.swift,
				Registration/RegistrationStates/RegistrationCredintalsStateTests.swift,
				Registration/RegistrationStates/RegistrationPersonalDataStateTests.swift,
				Registration/RegistrationStates/RegistrationRoleStateTests.swift,
			);
			target = 568E984B2E28E9C8007144F7 /* FitnessTogether */;
		};
		56AB17832E2BF9980029FC76 /* Exceptions for "FitnessTogetherTests" folder in "FitnessTogetherTests" target */ = {
			isa = PBXFileSystemSynchronizedBuildFileExceptionSet;
			membershipExceptions = (
				Coordinator/AuthCoordinatorTests.swift,
				Registration/RegistrationModelTests.swift,
				Registration/RegistrationStates/MockRegistrationDelegate.swift,
				Registration/RegistrationStates/MockValidator.swift,
				Registration/RegistrationStates/RegistrationCoachInfoStateTests.swift,
				Registration/RegistrationStates/RegistrationCredintalsStateTests.swift,
				Registration/RegistrationStates/RegistrationPersonalDataStateTests.swift,
				Registration/RegistrationStates/RegistrationRoleStateTests.swift,
			);
			target = 568E98612E28E9C9007144F7 /* FitnessTogetherTests */;
		};
/* End PBXFileSystemSynchronizedBuildFileExceptionSet section */

/* Begin PBXFileSystemSynchronizedRootGroup section */
		568E984E2E28E9C8007144F7 /* FitnessTogether */ = {
			isa = PBXFileSystemSynchronizedRootGroup;
			exceptions = (
				568E98742E28E9C9007144F7 /* Exceptions for "FitnessTogether" folder in "FitnessTogether" target */,
			);
			path = FitnessTogether;
			sourceTree = "<group>";
		};
		568E986F2E28E9C9007144F7 /* FitnessTogetherUITests */ = {
			isa = PBXFileSystemSynchronizedRootGroup;
			path = FitnessTogetherUITests;
			sourceTree = "<group>";
		};
		56AB17802E2BF9980029FC76 /* FitnessTogetherTests */ = {
			isa = PBXFileSystemSynchronizedRootGroup;
			exceptions = (
				56AB17822E2BF9980029FC76 /* Exceptions for "FitnessTogetherTests" folder in "FitnessTogether" target */,
				56AB17832E2BF9980029FC76 /* Exceptions for "FitnessTogetherTests" folder in "FitnessTogetherTests" target */,
			);
			path = FitnessTogetherTests;
			sourceTree = "<group>";
		};
/* End PBXFileSystemSynchronizedRootGroup section */

/* Begin PBXFrameworksBuildPhase section */
		568E98492E28E9C8007144F7 /* Frameworks */ = {
			isa = PBXFrameworksBuildPhase;
			buildActionMask = 2147483647;
			files = (
				568E988D2E28F23A007144F7 /* FTApi in Frameworks */,
				567F1C662E2A680B00A32C0A /* SnapKit in Frameworks */,
				568E98852E28F0FF007144F7 /* FTApi in Frameworks */,
				56D856D02E2E80E7007AB0F3 /* OutlineTextField in Frameworks */,
				568E988A2E28F226007144F7 /* FTApi in Frameworks */,
			);
			runOnlyForDeploymentPostprocessing = 0;
		};
		568E985F2E28E9C9007144F7 /* Frameworks */ = {
			isa = PBXFrameworksBuildPhase;
			buildActionMask = 2147483647;
			files = (
			);
			runOnlyForDeploymentPostprocessing = 0;
		};
		568E98692E28E9C9007144F7 /* Frameworks */ = {
			isa = PBXFrameworksBuildPhase;
			buildActionMask = 2147483647;
			files = (
			);
			runOnlyForDeploymentPostprocessing = 0;
		};
/* End PBXFrameworksBuildPhase section */

/* Begin PBXGroup section */
		568E98432E28E9C7007144F7 = {
			isa = PBXGroup;
			children = (
				563A4A3C2E2FEFF100C2686A /* UnitTestPlan.xctestplan */,
				568E984E2E28E9C8007144F7 /* FitnessTogether */,
				56AB17802E2BF9980029FC76 /* FitnessTogetherTests */,
				568E986F2E28E9C9007144F7 /* FitnessTogetherUITests */,
				568E984D2E28E9C8007144F7 /* Products */,
			);
			sourceTree = "<group>";
		};
		568E984D2E28E9C8007144F7 /* Products */ = {
			isa = PBXGroup;
			children = (
				568E984C2E28E9C8007144F7 /* FitnessTogether.app */,
				568E98622E28E9C9007144F7 /* FitnessTogetherTests.xctest */,
				568E986C2E28E9C9007144F7 /* FitnessTogetherUITests.xctest */,
			);
			name = Products;
			sourceTree = "<group>";
		};
/* End PBXGroup section */

/* Begin PBXNativeTarget section */
		568E984B2E28E9C8007144F7 /* FitnessTogether */ = {
			isa = PBXNativeTarget;
			buildConfigurationList = 568E98752E28E9C9007144F7 /* Build configuration list for PBXNativeTarget "FitnessTogether" */;
			buildPhases = (
				568E98482E28E9C8007144F7 /* Sources */,
				568E98492E28E9C8007144F7 /* Frameworks */,
				568E984A2E28E9C8007144F7 /* Resources */,
			);
			buildRules = (
			);
			dependencies = (
			);
			fileSystemSynchronizedGroups = (
				568E984E2E28E9C8007144F7 /* FitnessTogether */,
				56AB17802E2BF9980029FC76 /* FitnessTogetherTests */,
			);
			name = FitnessTogether;
			packageProductDependencies = (
				568E98842E28F0FF007144F7 /* FTApi */,
				568E98892E28F226007144F7 /* FTApi */,
				568E988C2E28F23A007144F7 /* FTApi */,
				567F1C652E2A680B00A32C0A /* SnapKit */,
				56D856CF2E2E80E7007AB0F3 /* OutlineTextField */,
			);
			productName = FitnessTogether;
			productReference = 568E984C2E28E9C8007144F7 /* FitnessTogether.app */;
			productType = "com.apple.product-type.application";
		};
		568E98612E28E9C9007144F7 /* FitnessTogetherTests */ = {
			isa = PBXNativeTarget;
			buildConfigurationList = 568E987A2E28E9C9007144F7 /* Build configuration list for PBXNativeTarget "FitnessTogetherTests" */;
			buildPhases = (
				568E985E2E28E9C9007144F7 /* Sources */,
				568E985F2E28E9C9007144F7 /* Frameworks */,
				568E98602E28E9C9007144F7 /* Resources */,
			);
			buildRules = (
			);
			dependencies = (
				568E98642E28E9C9007144F7 /* PBXTargetDependency */,
			);
			name = FitnessTogetherTests;
			packageProductDependencies = (
			);
			productName = FitnessTogetherTests;
			productReference = 568E98622E28E9C9007144F7 /* FitnessTogetherTests.xctest */;
			productType = "com.apple.product-type.bundle.unit-test";
		};
		568E986B2E28E9C9007144F7 /* FitnessTogetherUITests */ = {
			isa = PBXNativeTarget;
			buildConfigurationList = 568E987D2E28E9C9007144F7 /* Build configuration list for PBXNativeTarget "FitnessTogetherUITests" */;
			buildPhases = (
				568E98682E28E9C9007144F7 /* Sources */,
				568E98692E28E9C9007144F7 /* Frameworks */,
				568E986A2E28E9C9007144F7 /* Resources */,
			);
			buildRules = (
			);
			dependencies = (
				568E986E2E28E9C9007144F7 /* PBXTargetDependency */,
			);
			fileSystemSynchronizedGroups = (
				568E986F2E28E9C9007144F7 /* FitnessTogetherUITests */,
			);
			name = FitnessTogetherUITests;
			packageProductDependencies = (
			);
			productName = FitnessTogetherUITests;
			productReference = 568E986C2E28E9C9007144F7 /* FitnessTogetherUITests.xctest */;
			productType = "com.apple.product-type.bundle.ui-testing";
		};
/* End PBXNativeTarget section */

/* Begin PBXProject section */
		568E98442E28E9C7007144F7 /* Project object */ = {
			isa = PBXProject;
			attributes = {
				BuildIndependentTargetsInParallel = 1;
				LastSwiftUpdateCheck = 1620;
				LastUpgradeCheck = 1620;
				TargetAttributes = {
					568E984B2E28E9C8007144F7 = {
						CreatedOnToolsVersion = 16.2;
					};
					568E98612E28E9C9007144F7 = {
						CreatedOnToolsVersion = 16.2;
						LastSwiftMigration = 1620;
						TestTargetID = 568E984B2E28E9C8007144F7;
					};
					568E986B2E28E9C9007144F7 = {
						CreatedOnToolsVersion = 16.2;
						TestTargetID = 568E984B2E28E9C8007144F7;
					};
				};
			};
			buildConfigurationList = 568E98472E28E9C7007144F7 /* Build configuration list for PBXProject "FitnessTogether" */;
			developmentRegion = en;
			hasScannedForEncodings = 0;
			knownRegions = (
				en,
				Base,
			);
			mainGroup = 568E98432E28E9C7007144F7;
			minimizedProjectReferenceProxies = 1;
			packageReferences = (
				568E988B2E28F23A007144F7 /* XCLocalSwiftPackageReference "../FTApi" */,
				567F1C642E2A680B00A32C0A /* XCRemoteSwiftPackageReference "SnapKit" */,
				56D856CE2E2E80E7007AB0F3 /* XCLocalSwiftPackageReference "../Библиотеки/OutlineTextField" */,
			);
			preferredProjectObjectVersion = 77;
			productRefGroup = 568E984D2E28E9C8007144F7 /* Products */;
			projectDirPath = "";
			projectRoot = "";
			targets = (
				568E984B2E28E9C8007144F7 /* FitnessTogether */,
				568E98612E28E9C9007144F7 /* FitnessTogetherTests */,
				568E986B2E28E9C9007144F7 /* FitnessTogetherUITests */,
			);
		};
/* End PBXProject section */

/* Begin PBXResourcesBuildPhase section */
		568E984A2E28E9C8007144F7 /* Resources */ = {
			isa = PBXResourcesBuildPhase;
			buildActionMask = 2147483647;
			files = (
			);
			runOnlyForDeploymentPostprocessing = 0;
		};
		568E98602E28E9C9007144F7 /* Resources */ = {
			isa = PBXResourcesBuildPhase;
			buildActionMask = 2147483647;
			files = (
			);
			runOnlyForDeploymentPostprocessing = 0;
		};
		568E986A2E28E9C9007144F7 /* Resources */ = {
			isa = PBXResourcesBuildPhase;
			buildActionMask = 2147483647;
			files = (
			);
			runOnlyForDeploymentPostprocessing = 0;
		};
/* End PBXResourcesBuildPhase section */

/* Begin PBXSourcesBuildPhase section */
		568E98482E28E9C8007144F7 /* Sources */ = {
			isa = PBXSourcesBuildPhase;
			buildActionMask = 2147483647;
			files = (
			);
			runOnlyForDeploymentPostprocessing = 0;
		};
		568E985E2E28E9C9007144F7 /* Sources */ = {
			isa = PBXSourcesBuildPhase;
			buildActionMask = 2147483647;
			files = (
			);
			runOnlyForDeploymentPostprocessing = 0;
		};
		568E98682E28E9C9007144F7 /* Sources */ = {
			isa = PBXSourcesBuildPhase;
			buildActionMask = 2147483647;
			files = (
			);
			runOnlyForDeploymentPostprocessing = 0;
		};
/* End PBXSourcesBuildPhase section */

/* Begin PBXTargetDependency section */
		568E98642E28E9C9007144F7 /* PBXTargetDependency */ = {
			isa = PBXTargetDependency;
			target = 568E984B2E28E9C8007144F7 /* FitnessTogether */;
			targetProxy = 568E98632E28E9C9007144F7 /* PBXContainerItemProxy */;
		};
		568E986E2E28E9C9007144F7 /* PBXTargetDependency */ = {
			isa = PBXTargetDependency;
			target = 568E984B2E28E9C8007144F7 /* FitnessTogether */;
			targetProxy = 568E986D2E28E9C9007144F7 /* PBXContainerItemProxy */;
		};
/* End PBXTargetDependency section */

/* Begin XCBuildConfiguration section */
		568E98762E28E9C9007144F7 /* Debug */ = {
			isa = XCBuildConfiguration;
			buildSettings = {
				ASSETCATALOG_COMPILER_APPICON_NAME = AppIcon;
				ASSETCATALOG_COMPILER_GLOBAL_ACCENT_COLOR_NAME = AccentColor;
				CODE_SIGN_STYLE = Automatic;
				CURRENT_PROJECT_VERSION = 1;
				DEVELOPMENT_TEAM = C8NSZM8WF9;
				GENERATE_INFOPLIST_FILE = YES;
				INFOPLIST_FILE = FitnessTogether/Info.plist;
				INFOPLIST_KEY_UIApplicationSupportsIndirectInputEvents = YES;
				INFOPLIST_KEY_UILaunchStoryboardName = LaunchScreen;
				INFOPLIST_KEY_UIMainStoryboardFile = "";
				INFOPLIST_KEY_UISupportedInterfaceOrientations_iPad = "UIInterfaceOrientationPortrait UIInterfaceOrientationPortraitUpsideDown UIInterfaceOrientationLandscapeLeft UIInterfaceOrientationLandscapeRight";
				INFOPLIST_KEY_UISupportedInterfaceOrientations_iPhone = "UIInterfaceOrientationPortrait UIInterfaceOrientationLandscapeLeft UIInterfaceOrientationLandscapeRight";
				IPHONEOS_DEPLOYMENT_TARGET = 16.6;
				LD_RUNPATH_SEARCH_PATHS = (
					"$(inherited)",
					"@executable_path/Frameworks",
				);
				MARKETING_VERSION = 1.0;
				PRODUCT_BUNDLE_IDENTIFIER = com.ddev.FitnessTogether;
				PRODUCT_NAME = "$(TARGET_NAME)";
				SWIFT_EMIT_LOC_STRINGS = YES;
				SWIFT_VERSION = 5.0;
				TARGETED_DEVICE_FAMILY = "1,2";
			};
			name = Debug;
		};
		568E98772E28E9C9007144F7 /* Release */ = {
			isa = XCBuildConfiguration;
			buildSettings = {
				ASSETCATALOG_COMPILER_APPICON_NAME = AppIcon;
				ASSETCATALOG_COMPILER_GLOBAL_ACCENT_COLOR_NAME = AccentColor;
				CODE_SIGN_STYLE = Automatic;
				CURRENT_PROJECT_VERSION = 1;
				DEVELOPMENT_TEAM = C8NSZM8WF9;
				GENERATE_INFOPLIST_FILE = YES;
				INFOPLIST_FILE = FitnessTogether/Info.plist;
				INFOPLIST_KEY_UIApplicationSupportsIndirectInputEvents = YES;
				INFOPLIST_KEY_UILaunchStoryboardName = LaunchScreen;
				INFOPLIST_KEY_UIMainStoryboardFile = "";
				INFOPLIST_KEY_UISupportedInterfaceOrientations_iPad = "UIInterfaceOrientationPortrait UIInterfaceOrientationPortraitUpsideDown UIInterfaceOrientationLandscapeLeft UIInterfaceOrientationLandscapeRight";
				INFOPLIST_KEY_UISupportedInterfaceOrientations_iPhone = "UIInterfaceOrientationPortrait UIInterfaceOrientationLandscapeLeft UIInterfaceOrientationLandscapeRight";
				IPHONEOS_DEPLOYMENT_TARGET = 16.6;
				LD_RUNPATH_SEARCH_PATHS = (
					"$(inherited)",
					"@executable_path/Frameworks",
				);
				MARKETING_VERSION = 1.0;
				PRODUCT_BUNDLE_IDENTIFIER = com.ddev.FitnessTogether;
				PRODUCT_NAME = "$(TARGET_NAME)";
				SWIFT_EMIT_LOC_STRINGS = YES;
				SWIFT_VERSION = 5.0;
				TARGETED_DEVICE_FAMILY = "1,2";
			};
			name = Release;
		};
		568E98782E28E9C9007144F7 /* Debug */ = {
			isa = XCBuildConfiguration;
			buildSettings = {
				ALWAYS_SEARCH_USER_PATHS = NO;
				ASSETCATALOG_COMPILER_GENERATE_SWIFT_ASSET_SYMBOL_EXTENSIONS = YES;
				CLANG_ANALYZER_NONNULL = YES;
				CLANG_ANALYZER_NUMBER_OBJECT_CONVERSION = YES_AGGRESSIVE;
				CLANG_CXX_LANGUAGE_STANDARD = "gnu++20";
				CLANG_ENABLE_MODULES = YES;
				CLANG_ENABLE_OBJC_ARC = YES;
				CLANG_ENABLE_OBJC_WEAK = YES;
				CLANG_WARN_BLOCK_CAPTURE_AUTORELEASING = YES;
				CLANG_WARN_BOOL_CONVERSION = YES;
				CLANG_WARN_COMMA = YES;
				CLANG_WARN_CONSTANT_CONVERSION = YES;
				CLANG_WARN_DEPRECATED_OBJC_IMPLEMENTATIONS = YES;
				CLANG_WARN_DIRECT_OBJC_ISA_USAGE = YES_ERROR;
				CLANG_WARN_DOCUMENTATION_COMMENTS = YES;
				CLANG_WARN_EMPTY_BODY = YES;
				CLANG_WARN_ENUM_CONVERSION = YES;
				CLANG_WARN_INFINITE_RECURSION = YES;
				CLANG_WARN_INT_CONVERSION = YES;
				CLANG_WARN_NON_LITERAL_NULL_CONVERSION = YES;
				CLANG_WARN_OBJC_IMPLICIT_RETAIN_SELF = YES;
				CLANG_WARN_OBJC_LITERAL_CONVERSION = YES;
				CLANG_WARN_OBJC_ROOT_CLASS = YES_ERROR;
				CLANG_WARN_QUOTED_INCLUDE_IN_FRAMEWORK_HEADER = YES;
				CLANG_WARN_RANGE_LOOP_ANALYSIS = YES;
				CLANG_WARN_STRICT_PROTOTYPES = YES;
				CLANG_WARN_SUSPICIOUS_MOVE = YES;
				CLANG_WARN_UNGUARDED_AVAILABILITY = YES_AGGRESSIVE;
				CLANG_WARN_UNREACHABLE_CODE = YES;
				CLANG_WARN__DUPLICATE_METHOD_MATCH = YES;
				COPY_PHASE_STRIP = NO;
				DEBUG_INFORMATION_FORMAT = dwarf;
				ENABLE_STRICT_OBJC_MSGSEND = YES;
				ENABLE_TESTABILITY = YES;
				ENABLE_USER_SCRIPT_SANDBOXING = YES;
				GCC_C_LANGUAGE_STANDARD = gnu17;
				GCC_DYNAMIC_NO_PIC = NO;
				GCC_NO_COMMON_BLOCKS = YES;
				GCC_OPTIMIZATION_LEVEL = 0;
				GCC_PREPROCESSOR_DEFINITIONS = (
					"DEBUG=1",
					"$(inherited)",
				);
				GCC_WARN_64_TO_32_BIT_CONVERSION = YES;
				GCC_WARN_ABOUT_RETURN_TYPE = YES_ERROR;
				GCC_WARN_UNDECLARED_SELECTOR = YES;
				GCC_WARN_UNINITIALIZED_AUTOS = YES_AGGRESSIVE;
				GCC_WARN_UNUSED_FUNCTION = YES;
				GCC_WARN_UNUSED_VARIABLE = YES;
				IPHONEOS_DEPLOYMENT_TARGET = 18.2;
				LOCALIZATION_PREFERS_STRING_CATALOGS = YES;
				MTL_ENABLE_DEBUG_INFO = INCLUDE_SOURCE;
				MTL_FAST_MATH = YES;
				ONLY_ACTIVE_ARCH = YES;
				SDKROOT = iphoneos;
				SWIFT_ACTIVE_COMPILATION_CONDITIONS = "DEBUG $(inherited)";
				SWIFT_OPTIMIZATION_LEVEL = "-Onone";
			};
			name = Debug;
		};
		568E98792E28E9C9007144F7 /* Release */ = {
			isa = XCBuildConfiguration;
			buildSettings = {
				ALWAYS_SEARCH_USER_PATHS = NO;
				ASSETCATALOG_COMPILER_GENERATE_SWIFT_ASSET_SYMBOL_EXTENSIONS = YES;
				CLANG_ANALYZER_NONNULL = YES;
				CLANG_ANALYZER_NUMBER_OBJECT_CONVERSION = YES_AGGRESSIVE;
				CLANG_CXX_LANGUAGE_STANDARD = "gnu++20";
				CLANG_ENABLE_MODULES = YES;
				CLANG_ENABLE_OBJC_ARC = YES;
				CLANG_ENABLE_OBJC_WEAK = YES;
				CLANG_WARN_BLOCK_CAPTURE_AUTORELEASING = YES;
				CLANG_WARN_BOOL_CONVERSION = YES;
				CLANG_WARN_COMMA = YES;
				CLANG_WARN_CONSTANT_CONVERSION = YES;
				CLANG_WARN_DEPRECATED_OBJC_IMPLEMENTATIONS = YES;
				CLANG_WARN_DIRECT_OBJC_ISA_USAGE = YES_ERROR;
				CLANG_WARN_DOCUMENTATION_COMMENTS = YES;
				CLANG_WARN_EMPTY_BODY = YES;
				CLANG_WARN_ENUM_CONVERSION = YES;
				CLANG_WARN_INFINITE_RECURSION = YES;
				CLANG_WARN_INT_CONVERSION = YES;
				CLANG_WARN_NON_LITERAL_NULL_CONVERSION = YES;
				CLANG_WARN_OBJC_IMPLICIT_RETAIN_SELF = YES;
				CLANG_WARN_OBJC_LITERAL_CONVERSION = YES;
				CLANG_WARN_OBJC_ROOT_CLASS = YES_ERROR;
				CLANG_WARN_QUOTED_INCLUDE_IN_FRAMEWORK_HEADER = YES;
				CLANG_WARN_RANGE_LOOP_ANALYSIS = YES;
				CLANG_WARN_STRICT_PROTOTYPES = YES;
				CLANG_WARN_SUSPICIOUS_MOVE = YES;
				CLANG_WARN_UNGUARDED_AVAILABILITY = YES_AGGRESSIVE;
				CLANG_WARN_UNREACHABLE_CODE = YES;
				CLANG_WARN__DUPLICATE_METHOD_MATCH = YES;
				COPY_PHASE_STRIP = NO;
				DEBUG_INFORMATION_FORMAT = "dwarf-with-dsym";
				ENABLE_NS_ASSERTIONS = NO;
				ENABLE_STRICT_OBJC_MSGSEND = YES;
				ENABLE_USER_SCRIPT_SANDBOXING = YES;
				GCC_C_LANGUAGE_STANDARD = gnu17;
				GCC_NO_COMMON_BLOCKS = YES;
				GCC_WARN_64_TO_32_BIT_CONVERSION = YES;
				GCC_WARN_ABOUT_RETURN_TYPE = YES_ERROR;
				GCC_WARN_UNDECLARED_SELECTOR = YES;
				GCC_WARN_UNINITIALIZED_AUTOS = YES_AGGRESSIVE;
				GCC_WARN_UNUSED_FUNCTION = YES;
				GCC_WARN_UNUSED_VARIABLE = YES;
				IPHONEOS_DEPLOYMENT_TARGET = 18.2;
				LOCALIZATION_PREFERS_STRING_CATALOGS = YES;
				MTL_ENABLE_DEBUG_INFO = NO;
				MTL_FAST_MATH = YES;
				SDKROOT = iphoneos;
				SWIFT_COMPILATION_MODE = wholemodule;
				VALIDATE_PRODUCT = YES;
			};
			name = Release;
		};
		568E987B2E28E9C9007144F7 /* Debug */ = {
			isa = XCBuildConfiguration;
			buildSettings = {
				BUNDLE_LOADER = "$(TEST_HOST)";
				CLANG_ENABLE_MODULES = YES;
				CODE_SIGN_STYLE = Automatic;
				CURRENT_PROJECT_VERSION = 1;
				DEVELOPMENT_TEAM = C8NSZM8WF9;
				GENERATE_INFOPLIST_FILE = YES;
				IPHONEOS_DEPLOYMENT_TARGET = 18.2;
				MARKETING_VERSION = 1.0;
				PRODUCT_BUNDLE_IDENTIFIER = com.ddev.FitnessTogetherTests;
				PRODUCT_NAME = "$(TARGET_NAME)";
				SWIFT_EMIT_LOC_STRINGS = NO;
				SWIFT_OPTIMIZATION_LEVEL = "-Onone";
				SWIFT_VERSION = 5.0;
				TARGETED_DEVICE_FAMILY = "1,2";
				TEST_HOST = "$(BUILT_PRODUCTS_DIR)/FitnessTogether.app/$(BUNDLE_EXECUTABLE_FOLDER_PATH)/FitnessTogether";
			};
			name = Debug;
		};
		568E987C2E28E9C9007144F7 /* Release */ = {
			isa = XCBuildConfiguration;
			buildSettings = {
				BUNDLE_LOADER = "$(TEST_HOST)";
				CLANG_ENABLE_MODULES = YES;
				CODE_SIGN_STYLE = Automatic;
				CURRENT_PROJECT_VERSION = 1;
				DEVELOPMENT_TEAM = C8NSZM8WF9;
				GENERATE_INFOPLIST_FILE = YES;
				IPHONEOS_DEPLOYMENT_TARGET = 18.2;
				MARKETING_VERSION = 1.0;
				PRODUCT_BUNDLE_IDENTIFIER = com.ddev.FitnessTogetherTests;
				PRODUCT_NAME = "$(TARGET_NAME)";
				SWIFT_EMIT_LOC_STRINGS = NO;
				SWIFT_VERSION = 5.0;
				TARGETED_DEVICE_FAMILY = "1,2";
				TEST_HOST = "$(BUILT_PRODUCTS_DIR)/FitnessTogether.app/$(BUNDLE_EXECUTABLE_FOLDER_PATH)/FitnessTogether";
			};
			name = Release;
		};
		568E987E2E28E9C9007144F7 /* Debug */ = {
			isa = XCBuildConfiguration;
			buildSettings = {
				CODE_SIGN_STYLE = Automatic;
				CURRENT_PROJECT_VERSION = 1;
				DEVELOPMENT_TEAM = C8NSZM8WF9;
				GENERATE_INFOPLIST_FILE = YES;
				IPHONEOS_DEPLOYMENT_TARGET = 15.6;
				MARKETING_VERSION = 1.0;
				PRODUCT_BUNDLE_IDENTIFIER = com.ddev.FitnessTogetherUITests;
				PRODUCT_NAME = "$(TARGET_NAME)";
				SWIFT_EMIT_LOC_STRINGS = NO;
				SWIFT_VERSION = 5.0;
				TARGETED_DEVICE_FAMILY = "1,2";
				TEST_TARGET_NAME = FitnessTogether;
			};
			name = Debug;
		};
		568E987F2E28E9C9007144F7 /* Release */ = {
			isa = XCBuildConfiguration;
			buildSettings = {
				CODE_SIGN_STYLE = Automatic;
				CURRENT_PROJECT_VERSION = 1;
				DEVELOPMENT_TEAM = C8NSZM8WF9;
				GENERATE_INFOPLIST_FILE = YES;
				IPHONEOS_DEPLOYMENT_TARGET = 15.6;
				MARKETING_VERSION = 1.0;
				PRODUCT_BUNDLE_IDENTIFIER = com.ddev.FitnessTogetherUITests;
				PRODUCT_NAME = "$(TARGET_NAME)";
				SWIFT_EMIT_LOC_STRINGS = NO;
				SWIFT_VERSION = 5.0;
				TARGETED_DEVICE_FAMILY = "1,2";
				TEST_TARGET_NAME = FitnessTogether;
			};
			name = Release;
		};
/* End XCBuildConfiguration section */

/* Begin XCConfigurationList section */
		568E98472E28E9C7007144F7 /* Build configuration list for PBXProject "FitnessTogether" */ = {
			isa = XCConfigurationList;
			buildConfigurations = (
				568E98782E28E9C9007144F7 /* Debug */,
				568E98792E28E9C9007144F7 /* Release */,
			);
			defaultConfigurationIsVisible = 0;
			defaultConfigurationName = Release;
		};
		568E98752E28E9C9007144F7 /* Build configuration list for PBXNativeTarget "FitnessTogether" */ = {
			isa = XCConfigurationList;
			buildConfigurations = (
				568E98762E28E9C9007144F7 /* Debug */,
				568E98772E28E9C9007144F7 /* Release */,
			);
			defaultConfigurationIsVisible = 0;
			defaultConfigurationName = Release;
		};
		568E987A2E28E9C9007144F7 /* Build configuration list for PBXNativeTarget "FitnessTogetherTests" */ = {
			isa = XCConfigurationList;
			buildConfigurations = (
				568E987B2E28E9C9007144F7 /* Debug */,
				568E987C2E28E9C9007144F7 /* Release */,
			);
			defaultConfigurationIsVisible = 0;
			defaultConfigurationName = Release;
		};
		568E987D2E28E9C9007144F7 /* Build configuration list for PBXNativeTarget "FitnessTogetherUITests" */ = {
			isa = XCConfigurationList;
			buildConfigurations = (
				568E987E2E28E9C9007144F7 /* Debug */,
				568E987F2E28E9C9007144F7 /* Release */,
			);
			defaultConfigurationIsVisible = 0;
			defaultConfigurationName = Release;
		};
/* End XCConfigurationList section */

/* Begin XCLocalSwiftPackageReference section */
		568E988B2E28F23A007144F7 /* XCLocalSwiftPackageReference "../FTApi" */ = {
			isa = XCLocalSwiftPackageReference;
			relativePath = ../FTApi;
		};
		56D856CE2E2E80E7007AB0F3 /* XCLocalSwiftPackageReference "../Библиотеки/OutlineTextField" */ = {
			isa = XCLocalSwiftPackageReference;
			relativePath = "../Библиотеки/OutlineTextField";
		};
/* End XCLocalSwiftPackageReference section */

/* Begin XCRemoteSwiftPackageReference section */
		567F1C642E2A680B00A32C0A /* XCRemoteSwiftPackageReference "SnapKit" */ = {
			isa = XCRemoteSwiftPackageReference;
			repositoryURL = "https://github.com/SnapKit/SnapKit.git";
			requirement = {
				kind = upToNextMajorVersion;
				minimumVersion = 5.7.1;
			};
		};
/* End XCRemoteSwiftPackageReference section */

/* Begin XCSwiftPackageProductDependency section */
		567F1C652E2A680B00A32C0A /* SnapKit */ = {
			isa = XCSwiftPackageProductDependency;
			package = 567F1C642E2A680B00A32C0A /* XCRemoteSwiftPackageReference "SnapKit" */;
			productName = SnapKit;
		};
		568E98842E28F0FF007144F7 /* FTApi */ = {
			isa = XCSwiftPackageProductDependency;
			productName = FTApi;
		};
		568E98892E28F226007144F7 /* FTApi */ = {
			isa = XCSwiftPackageProductDependency;
			productName = FTApi;
		};
		568E988C2E28F23A007144F7 /* FTApi */ = {
			isa = XCSwiftPackageProductDependency;
			productName = FTApi;
		};
		56D856CF2E2E80E7007AB0F3 /* OutlineTextField */ = {
			isa = XCSwiftPackageProductDependency;
			productName = OutlineTextField;
		};
/* End XCSwiftPackageProductDependency section */
	};
	rootObject = 568E98442E28E9C7007144F7 /* Project object */;
}
